
Microsoft Visual Studio Solution File, Format Version 12.00
# Visual Studio Version 17
VisualStudioVersion = 17.9.34728.123
MinimumVisualStudioVersion = 10.0.40219.1
Project("{FAE04EC0-301F-11D3-BF4B-00C04F79EFBC}") = "brandportal_dotnet", "brandportal_dotnet.csproj", "{3F5D1D98-04A3-4F5D-A6E5-7E2E0F19AD67}"
EndProject
Global
	GlobalSection(SolutionConfigurationPlatforms) = preSolution
		Debug|Any CPU = Debug|Any CPU
		Release|Any CPU = Release|Any CPU
	EndGlobalSection
	GlobalSection(ProjectConfigurationPlatforms) = postSolution
		{3F5D1D98-04A3-4F5D-A6E5-7E2E0F19AD67}.Debug|Any CPU.ActiveCfg = Debug|Any CPU
		{3F5D1D98-04A3-4F5D-A6E5-7E2E0F19AD67}.Debug|Any CPU.Build.0 = Debug|Any CPU
		{3F5D1D98-04A3-4F5D-A6E5-7E2E0F19AD67}.Release|Any CPU.ActiveCfg = Release|Any CPU
		{3F5D1D98-04A3-4F5D-A6E5-7E2E0F19AD67}.Release|Any CPU.Build.0 = Release|Any CPU
	EndGlobalSection
	GlobalSection(SolutionProperties) = preSolution
		HideSolutionNode = FALSE
	EndGlobalSection
	GlobalSection(ExtensibilityGlobals) = postSolution
		SolutionGuid = {BBB4E92A-3F0A-4724-AC7F-EF3640FBA2A8}
	EndGlobalSection
EndGlobal
